
Microsoft Visual Studio Solution File, Format Version 12.00
# Visual Studio Version 16
VisualStudioVersion = 16.0.31025.194
MinimumVisualStudioVersion = 10.0.40219.1
Project("{FAE04EC0-301F-11D3-BF4B-00C04F79EFBC}") = "Exercicio1", "Exercicio1\Exercicio1.csproj", "{EA743C02-B60F-43B5-8958-F28FDACBE11F}"
EndProject
Global
	GlobalSection(SolutionConfigurationPlatforms) = preSolution
		Debug|Any CPU = Debug|Any CPU
		Release|Any CPU = Release|Any CPU
	EndGlobalSection
	GlobalSection(ProjectConfigurationPlatforms) = postSolution
		{EA743C02-B60F-43B5-8958-F28FDACBE11F}.Debug|Any CPU.ActiveCfg = Debug|Any CPU
		{EA743C02-B60F-43B5-8958-F28FDACBE11F}.Debug|Any CPU.Build.0 = Debug|Any CPU
		{EA743C02-B60F-43B5-8958-F28FDACBE11F}.Release|Any CPU.ActiveCfg = Release|Any CPU
		{EA743C02-B60F-43B5-8958-F28FDACBE11F}.Release|Any CPU.Build.0 = Release|Any CPU
	EndGlobalSection
	GlobalSection(SolutionProperties) = preSolution
		HideSolutionNode = FALSE
	EndGlobalSection
	GlobalSection(ExtensibilityGlobals) = postSolution
		SolutionGuid = {57745794-9378-467B-9FC0-7099E7AC1817}
	EndGlobalSection
EndGlobal
