
Microsoft Visual Studio Solution File, Format Version 12.00
# Visual Studio Version 16
VisualStudioVersion = 16.0.30804.86
MinimumVisualStudioVersion = 10.0.40219.1
Project("{FAE04EC0-301F-11D3-BF4B-00C04F79EFBC}") = "IfTernario", "IfTernario\IfTernario.csproj", "{3171C3C7-671B-4DD2-A006-A9A397A41556}"
EndProject
Global
	GlobalSection(SolutionConfigurationPlatforms) = preSolution
		Debug|Any CPU = Debug|Any CPU
		Release|Any CPU = Release|Any CPU
	EndGlobalSection
	GlobalSection(ProjectConfigurationPlatforms) = postSolution
		{3171C3C7-671B-4DD2-A006-A9A397A41556}.Debug|Any CPU.ActiveCfg = Debug|Any CPU
		{3171C3C7-671B-4DD2-A006-A9A397A41556}.Debug|Any CPU.Build.0 = Debug|Any CPU
		{3171C3C7-671B-4DD2-A006-A9A397A41556}.Release|Any CPU.ActiveCfg = Release|Any CPU
		{3171C3C7-671B-4DD2-A006-A9A397A41556}.Release|Any CPU.Build.0 = Release|Any CPU
	EndGlobalSection
	GlobalSection(SolutionProperties) = preSolution
		HideSolutionNode = FALSE
	EndGlobalSection
	GlobalSection(ExtensibilityGlobals) = postSolution
		SolutionGuid = {44C7305A-9421-465E-BB3B-4CC4A9AFABC9}
	EndGlobalSection
EndGlobal
