
Microsoft Visual Studio Solution File, Format Version 12.00
# Visual Studio Version 16
VisualStudioVersion = 16.0.30804.86
MinimumVisualStudioVersion = 10.0.40219.1
Project("{FAE04EC0-301F-11D3-BF4B-00C04F79EFBC}") = "Matriz", "Matriz\Matriz.csproj", "{2CC7107A-0FC3-4027-9464-9A11A74EF1AA}"
EndProject
Global
	GlobalSection(SolutionConfigurationPlatforms) = preSolution
		Debug|Any CPU = Debug|Any CPU
		Release|Any CPU = Release|Any CPU
	EndGlobalSection
	GlobalSection(ProjectConfigurationPlatforms) = postSolution
		{2CC7107A-0FC3-4027-9464-9A11A74EF1AA}.Debug|Any CPU.ActiveCfg = Debug|Any CPU
		{2CC7107A-0FC3-4027-9464-9A11A74EF1AA}.Debug|Any CPU.Build.0 = Debug|Any CPU
		{2CC7107A-0FC3-4027-9464-9A11A74EF1AA}.Release|Any CPU.ActiveCfg = Release|Any CPU
		{2CC7107A-0FC3-4027-9464-9A11A74EF1AA}.Release|Any CPU.Build.0 = Release|Any CPU
	EndGlobalSection
	GlobalSection(SolutionProperties) = preSolution
		HideSolutionNode = FALSE
	EndGlobalSection
	GlobalSection(ExtensibilityGlobals) = postSolution
		SolutionGuid = {51EFC66C-AC6A-4F93-AEDB-5B0A5B66E44C}
	EndGlobalSection
EndGlobal
