
Microsoft Visual Studio Solution File, Format Version 12.00
# Visual Studio Version 16
VisualStudioVersion = 16.0.31025.194
MinimumVisualStudioVersion = 10.0.40219.1
Project("{FAE04EC0-301F-11D3-BF4B-00C04F79EFBC}") = "TimeSpan2", "TimeSpan2\TimeSpan2.csproj", "{18FC53D5-D339-493D-B411-1A4B0FE68223}"
EndProject
Global
	GlobalSection(SolutionConfigurationPlatforms) = preSolution
		Debug|Any CPU = Debug|Any CPU
		Release|Any CPU = Release|Any CPU
	EndGlobalSection
	GlobalSection(ProjectConfigurationPlatforms) = postSolution
		{18FC53D5-D339-493D-B411-1A4B0FE68223}.Debug|Any CPU.ActiveCfg = Debug|Any CPU
		{18FC53D5-D339-493D-B411-1A4B0FE68223}.Debug|Any CPU.Build.0 = Debug|Any CPU
		{18FC53D5-D339-493D-B411-1A4B0FE68223}.Release|Any CPU.ActiveCfg = Release|Any CPU
		{18FC53D5-D339-493D-B411-1A4B0FE68223}.Release|Any CPU.Build.0 = Release|Any CPU
	EndGlobalSection
	GlobalSection(SolutionProperties) = preSolution
		HideSolutionNode = FALSE
	EndGlobalSection
	GlobalSection(ExtensibilityGlobals) = postSolution
		SolutionGuid = {4A175DBA-DF39-4C4E-8B9E-6CB3195AFD94}
	EndGlobalSection
EndGlobal
