
Microsoft Visual Studio Solution File, Format Version 12.00
# Visual Studio Version 16
VisualStudioVersion = 16.0.30804.86
MinimumVisualStudioVersion = 10.0.40219.1
Project("{FAE04EC0-301F-11D3-BF4B-00C04F79EFBC}") = "ProdutoEstoque", "ProdutoEstoque\ProdutoEstoque.csproj", "{779358BE-284B-4CAD-970C-3F3902E5289E}"
EndProject
Global
	GlobalSection(SolutionConfigurationPlatforms) = preSolution
		Debug|Any CPU = Debug|Any CPU
		Release|Any CPU = Release|Any CPU
	EndGlobalSection
	GlobalSection(ProjectConfigurationPlatforms) = postSolution
		{779358BE-284B-4CAD-970C-3F3902E5289E}.Debug|Any CPU.ActiveCfg = Debug|Any CPU
		{779358BE-284B-4CAD-970C-3F3902E5289E}.Debug|Any CPU.Build.0 = Debug|Any CPU
		{779358BE-284B-4CAD-970C-3F3902E5289E}.Release|Any CPU.ActiveCfg = Release|Any CPU
		{779358BE-284B-4CAD-970C-3F3902E5289E}.Release|Any CPU.Build.0 = Release|Any CPU
	EndGlobalSection
	GlobalSection(SolutionProperties) = preSolution
		HideSolutionNode = FALSE
	EndGlobalSection
	GlobalSection(ExtensibilityGlobals) = postSolution
		SolutionGuid = {E3D88F44-F3EE-4443-8343-E5E390DFF4DE}
	EndGlobalSection
EndGlobal
