
Microsoft Visual Studio Solution File, Format Version 12.00
# Visual Studio Version 16
VisualStudioVersion = 16.0.31025.194
MinimumVisualStudioVersion = 10.0.40219.1
Project("{FAE04EC0-301F-11D3-BF4B-00C04F79EFBC}") = "Generics1", "Generics1.csproj", "{2A178D92-1EA4-46CA-A540-B3BAB8418542}"
EndProject
Global
	GlobalSection(SolutionConfigurationPlatforms) = preSolution
		Debug|Any CPU = Debug|Any CPU
		Release|Any CPU = Release|Any CPU
	EndGlobalSection
	GlobalSection(ProjectConfigurationPlatforms) = postSolution
		{2A178D92-1EA4-46CA-A540-B3BAB8418542}.Debug|Any CPU.ActiveCfg = Debug|Any CPU
		{2A178D92-1EA4-46CA-A540-B3BAB8418542}.Debug|Any CPU.Build.0 = Debug|Any CPU
		{2A178D92-1EA4-46CA-A540-B3BAB8418542}.Release|Any CPU.ActiveCfg = Release|Any CPU
		{2A178D92-1EA4-46CA-A540-B3BAB8418542}.Release|Any CPU.Build.0 = Release|Any CPU
	EndGlobalSection
	GlobalSection(SolutionProperties) = preSolution
		HideSolutionNode = FALSE
	EndGlobalSection
	GlobalSection(ExtensibilityGlobals) = postSolution
		SolutionGuid = {D72F091B-9923-46BA-A8DE-85326D49BE70}
	EndGlobalSection
EndGlobal
