
Microsoft Visual Studio Solution File, Format Version 12.00
# Visual Studio Version 16
VisualStudioVersion = 16.0.30804.86
MinimumVisualStudioVersion = 10.0.40219.1
Project("{FAE04EC0-301F-11D3-BF4B-00C04F79EFBC}") = "ExerciciosDeFixacao1", "ExerciciosDeFixacao1\ExerciciosDeFixacao1.csproj", "{34B0269B-6D1D-443E-A649-13755B050395}"
EndProject
Global
	GlobalSection(SolutionConfigurationPlatforms) = preSolution
		Debug|Any CPU = Debug|Any CPU
		Release|Any CPU = Release|Any CPU
	EndGlobalSection
	GlobalSection(ProjectConfigurationPlatforms) = postSolution
		{34B0269B-6D1D-443E-A649-13755B050395}.Debug|Any CPU.ActiveCfg = Debug|Any CPU
		{34B0269B-6D1D-443E-A649-13755B050395}.Debug|Any CPU.Build.0 = Debug|Any CPU
		{34B0269B-6D1D-443E-A649-13755B050395}.Release|Any CPU.ActiveCfg = Release|Any CPU
		{34B0269B-6D1D-443E-A649-13755B050395}.Release|Any CPU.Build.0 = Release|Any CPU
	EndGlobalSection
	GlobalSection(SolutionProperties) = preSolution
		HideSolutionNode = FALSE
	EndGlobalSection
	GlobalSection(ExtensibilityGlobals) = postSolution
		SolutionGuid = {2DE346F3-60FF-4121-A2D3-36DFA170709C}
	EndGlobalSection
EndGlobal
