
Microsoft Visual Studio Solution File, Format Version 12.00
# Visual Studio Version 16
VisualStudioVersion = 16.0.31025.194
MinimumVisualStudioVersion = 10.0.40219.1
Project("{FAE04EC0-301F-11D3-BF4B-00C04F79EFBC}") = "Exercicio2", "Exercicio2.csproj", "{E858ED6C-7530-4A62-ABFF-792538698902}"
EndProject
Global
	GlobalSection(SolutionConfigurationPlatforms) = preSolution
		Debug|Any CPU = Debug|Any CPU
		Release|Any CPU = Release|Any CPU
	EndGlobalSection
	GlobalSection(ProjectConfigurationPlatforms) = postSolution
		{E858ED6C-7530-4A62-ABFF-792538698902}.Debug|Any CPU.ActiveCfg = Debug|Any CPU
		{E858ED6C-7530-4A62-ABFF-792538698902}.Debug|Any CPU.Build.0 = Debug|Any CPU
		{E858ED6C-7530-4A62-ABFF-792538698902}.Release|Any CPU.ActiveCfg = Release|Any CPU
		{E858ED6C-7530-4A62-ABFF-792538698902}.Release|Any CPU.Build.0 = Release|Any CPU
	EndGlobalSection
	GlobalSection(SolutionProperties) = preSolution
		HideSolutionNode = FALSE
	EndGlobalSection
	GlobalSection(ExtensibilityGlobals) = postSolution
		SolutionGuid = {F9654039-4EF5-4B20-AD21-FBA830232102}
	EndGlobalSection
EndGlobal
