
Microsoft Visual Studio Solution File, Format Version 12.00
# Visual Studio Version 16
VisualStudioVersion = 16.0.31025.194
MinimumVisualStudioVersion = 10.0.40219.1
Project("{FAE04EC0-301F-11D3-BF4B-00C04F79EFBC}") = "FileStram1", "FileStram1\FileStram1.csproj", "{EE79457F-6FE0-4734-91DE-35882D66F75B}"
EndProject
Global
	GlobalSection(SolutionConfigurationPlatforms) = preSolution
		Debug|Any CPU = Debug|Any CPU
		Release|Any CPU = Release|Any CPU
	EndGlobalSection
	GlobalSection(ProjectConfigurationPlatforms) = postSolution
		{EE79457F-6FE0-4734-91DE-35882D66F75B}.Debug|Any CPU.ActiveCfg = Debug|Any CPU
		{EE79457F-6FE0-4734-91DE-35882D66F75B}.Debug|Any CPU.Build.0 = Debug|Any CPU
		{EE79457F-6FE0-4734-91DE-35882D66F75B}.Release|Any CPU.ActiveCfg = Release|Any CPU
		{EE79457F-6FE0-4734-91DE-35882D66F75B}.Release|Any CPU.Build.0 = Release|Any CPU
	EndGlobalSection
	GlobalSection(SolutionProperties) = preSolution
		HideSolutionNode = FALSE
	EndGlobalSection
	GlobalSection(ExtensibilityGlobals) = postSolution
		SolutionGuid = {57F6D409-9D9F-432A-9A39-B91AB007EEB4}
	EndGlobalSection
EndGlobal
