
Microsoft Visual Studio Solution File, Format Version 12.00
# Visual Studio Version 16
VisualStudioVersion = 16.0.31025.194
MinimumVisualStudioVersion = 10.0.40219.1
Project("{FAE04EC0-301F-11D3-BF4B-00C04F79EFBC}") = "Exercico3", "Exercico3\Exercico3.csproj", "{B523C37D-7857-43E8-B72C-9EA8F37462B4}"
EndProject
Global
	GlobalSection(SolutionConfigurationPlatforms) = preSolution
		Debug|Any CPU = Debug|Any CPU
		Release|Any CPU = Release|Any CPU
	EndGlobalSection
	GlobalSection(ProjectConfigurationPlatforms) = postSolution
		{B523C37D-7857-43E8-B72C-9EA8F37462B4}.Debug|Any CPU.ActiveCfg = Debug|Any CPU
		{B523C37D-7857-43E8-B72C-9EA8F37462B4}.Debug|Any CPU.Build.0 = Debug|Any CPU
		{B523C37D-7857-43E8-B72C-9EA8F37462B4}.Release|Any CPU.ActiveCfg = Release|Any CPU
		{B523C37D-7857-43E8-B72C-9EA8F37462B4}.Release|Any CPU.Build.0 = Release|Any CPU
	EndGlobalSection
	GlobalSection(SolutionProperties) = preSolution
		HideSolutionNode = FALSE
	EndGlobalSection
	GlobalSection(ExtensibilityGlobals) = postSolution
		SolutionGuid = {122394CB-F2F1-450F-A100-9725FA5A5415}
	EndGlobalSection
EndGlobal
